Microsoft Visual Studio Solution File, Format Version 12.00
Project("{9A19103F-16F7-4668-BE54-9A1E7A4F7556}") = "LPDriver", "LPDriver\LPDriver.csproj", "{CD00255A-A5D0-4CB6-9ADD-4C2FB3DE450C}"
EndProject
Project("{9A19103F-16F7-4668-BE54-9A1E7A4F7556}") = "Powershell", "Powershell\Powershell.csproj", "{EDFA555F-2B57-4D0F-9322-2B7CD72F62EB}"
EndProject
Project("{9A19103F-16F7-4668-BE54-9A1E7A4F7556}") = "PowershellConsole", "PowershellConsole\PowershellConsole.csproj", "{CFD7D1B1-AC28-426E-A0B9-920897F966FC}"
EndProject
Project("{9A19103F-16F7-4668-BE54-9A1E7A4F7556}") = "LPDriverTest", "UnitTests\LPDriverTest\LPDriverTest.csproj", "{4893571F-9AD7-4777-A9CA-8FFC13583A9C}"
EndProject
Global
	GlobalSection(SolutionConfigurationPlatforms) = preSolution
		Debug|Any CPU = Debug|Any CPU
		Release|Any CPU = Release|Any CPU
	EndGlobalSection
	GlobalSection(ProjectConfigurationPlatforms) = postSolution
		{CD00255A-A5D0-4CB6-9ADD-4C2FB3DE450C}.Debug|Any CPU.ActiveCfg = Debug|Any CPU
		{CD00255A-A5D0-4CB6-9ADD-4C2FB3DE450C}.Debug|Any CPU.Build.0 = Debug|Any CPU
		{CD00255A-A5D0-4CB6-9ADD-4C2FB3DE450C}.Release|Any CPU.ActiveCfg = Release|Any CPU
		{CD00255A-A5D0-4CB6-9ADD-4C2FB3DE450C}.Release|Any CPU.Build.0 = Release|Any CPU
		{EDFA555F-2B57-4D0F-9322-2B7CD72F62EB}.Debug|Any CPU.ActiveCfg = Debug|Any CPU
		{EDFA555F-2B57-4D0F-9322-2B7CD72F62EB}.Debug|Any CPU.Build.0 = Debug|Any CPU
		{EDFA555F-2B57-4D0F-9322-2B7CD72F62EB}.Release|Any CPU.ActiveCfg = Release|Any CPU
		{EDFA555F-2B57-4D0F-9322-2B7CD72F62EB}.Release|Any CPU.Build.0 = Release|Any CPU
		{CFD7D1B1-AC28-426E-A0B9-920897F966FC}.Debug|Any CPU.ActiveCfg = Debug|Any CPU
		{CFD7D1B1-AC28-426E-A0B9-920897F966FC}.Debug|Any CPU.Build.0 = Debug|Any CPU
		{CFD7D1B1-AC28-426E-A0B9-920897F966FC}.Release|Any CPU.ActiveCfg = Release|Any CPU
		{CFD7D1B1-AC28-426E-A0B9-920897F966FC}.Release|Any CPU.Build.0 = Release|Any CPU
		{4893571F-9AD7-4777-A9CA-8FFC13583A9C}.Debug|Any CPU.ActiveCfg = Debug|Any CPU
		{4893571F-9AD7-4777-A9CA-8FFC13583A9C}.Debug|Any CPU.Build.0 = Debug|Any CPU
		{4893571F-9AD7-4777-A9CA-8FFC13583A9C}.Release|Any CPU.ActiveCfg = Release|Any CPU
		{4893571F-9AD7-4777-A9CA-8FFC13583A9C}.Release|Any CPU.Build.0 = Release|Any CPU
	EndGlobalSection
	GlobalSection(SolutionProperties) = preSolution
		HideSolutionNode = FALSE
	EndGlobalSection
	GlobalSection(ExtensibilityGlobals) = postSolution
		SolutionGuid = {98742CE6-307A-438E-AC8C-FA4269778822}
	EndGlobalSection
EndGlobal
