
Microsoft Visual Studio Solution File, Format Version 12.00
# Visual Studio Version 16
VisualStudioVersion = 16.0.31702.278
MinimumVisualStudioVersion = 10.0.40219.1
Project("{9A19103F-16F7-4668-BE54-9A1E7A4F7556}") = "PowershellConsole", "PowershellConsole\PowershellConsole.csproj", "{5F681EB5-B71C-4401-9B18-36096B4422B3}"
EndProject
Project("{9A19103F-16F7-4668-BE54-9A1E7A4F7556}") = "LPDriver", "LPDriver\LPDriver.csproj", "{E7C6A231-7A02-4F87-BD6A-4FF3197DC6FD}"
EndProject
Project("{9A19103F-16F7-4668-BE54-9A1E7A4F7556}") = "Powershell", "Powershell\Powershell.csproj", "{4ECC7102-8B87-4B7C-88C5-520B8B64AA16}"
EndProject
Project("{2150E333-8FDC-42A3-9474-1A3956D46DE8}") = "UnitTests", "UnitTests", "{E6647B60-7224-4747-8AC9-2AA80FD76B68}"
EndProject
Project("{FAE04EC0-301F-11D3-BF4B-00C04F79EFBC}") = "LPDriverTest", "UnitTests\LPDriverTest\LPDriverTest.csproj", "{B0614EF7-298D-4DD4-8B11-CC48193450C9}"
EndProject
Global
	GlobalSection(SolutionConfigurationPlatforms) = preSolution
		Debug|Any CPU = Debug|Any CPU
		Release|Any CPU = Release|Any CPU
	EndGlobalSection
	GlobalSection(ProjectConfigurationPlatforms) = postSolution
		{5F681EB5-B71C-4401-9B18-36096B4422B3}.Debug|Any CPU.ActiveCfg = Debug|Any CPU
		{5F681EB5-B71C-4401-9B18-36096B4422B3}.Debug|Any CPU.Build.0 = Debug|Any CPU
		{5F681EB5-B71C-4401-9B18-36096B4422B3}.Release|Any CPU.ActiveCfg = Release|Any CPU
		{5F681EB5-B71C-4401-9B18-36096B4422B3}.Release|Any CPU.Build.0 = Release|Any CPU
		{E7C6A231-7A02-4F87-BD6A-4FF3197DC6FD}.Debug|Any CPU.ActiveCfg = Debug|Any CPU
		{E7C6A231-7A02-4F87-BD6A-4FF3197DC6FD}.Debug|Any CPU.Build.0 = Debug|Any CPU
		{E7C6A231-7A02-4F87-BD6A-4FF3197DC6FD}.Release|Any CPU.ActiveCfg = Release|Any CPU
		{E7C6A231-7A02-4F87-BD6A-4FF3197DC6FD}.Release|Any CPU.Build.0 = Release|Any CPU
		{4ECC7102-8B87-4B7C-88C5-520B8B64AA16}.Debug|Any CPU.ActiveCfg = Debug|Any CPU
		{4ECC7102-8B87-4B7C-88C5-520B8B64AA16}.Debug|Any CPU.Build.0 = Debug|Any CPU
		{4ECC7102-8B87-4B7C-88C5-520B8B64AA16}.Release|Any CPU.ActiveCfg = Release|Any CPU
		{4ECC7102-8B87-4B7C-88C5-520B8B64AA16}.Release|Any CPU.Build.0 = Release|Any CPU
		{B0614EF7-298D-4DD4-8B11-CC48193450C9}.Debug|Any CPU.ActiveCfg = Debug|Any CPU
		{B0614EF7-298D-4DD4-8B11-CC48193450C9}.Debug|Any CPU.Build.0 = Debug|Any CPU
		{B0614EF7-298D-4DD4-8B11-CC48193450C9}.Release|Any CPU.ActiveCfg = Release|Any CPU
		{B0614EF7-298D-4DD4-8B11-CC48193450C9}.Release|Any CPU.Build.0 = Release|Any CPU
	EndGlobalSection
	GlobalSection(SolutionProperties) = preSolution
		HideSolutionNode = FALSE
	EndGlobalSection
	GlobalSection(NestedProjects) = preSolution
		{B0614EF7-298D-4DD4-8B11-CC48193450C9} = {E6647B60-7224-4747-8AC9-2AA80FD76B68}
	EndGlobalSection
	GlobalSection(ExtensibilityGlobals) = postSolution
		SolutionGuid = {C503C7B7-121A-4830-8E90-A85AEB5753E5}
	EndGlobalSection
EndGlobal
